
Microsoft Visual Studio Solution File, Format Version 12.00
# Visual Studio Version 17
VisualStudioVersion = 17.8.34330.188
MinimumVisualStudioVersion = 10.0.40219.1
Project("{2150E333-8FDC-42A3-9474-1A3956D46DE8}") = "Services", "Services", "{C6C6B6E0-D79F-48D1-BFE8-03B7838C2711}"
EndProject
Project("{2150E333-8FDC-42A3-9474-1A3956D46DE8}") = "Catalog", "Catalog", "{455FE469-C2E9-4D7C-A6E2-4C8BAA9606DF}"
EndProject
Project("{9A19103F-16F7-4668-BE54-9A1E7A4F7556}") = "Catalog.API", "Services\Catalog\Catalog.API\Catalog.API.csproj", "{49EAC8F2-745B-46F8-A38D-FAC95BDE8AC9}"
EndProject
Project("{E53339B2-1760-4266-BCC7-CA923CBCF16C}") = "docker-compose", "docker-compose.dcproj", "{8FE9240B-D74F-4166-A671-B36CA7718634}"
EndProject
Global
	GlobalSection(SolutionConfigurationPlatforms) = preSolution
		Debug|Any CPU = Debug|Any CPU
		Release|Any CPU = Release|Any CPU
	EndGlobalSection
	GlobalSection(ProjectConfigurationPlatforms) = postSolution
		{49EAC8F2-745B-46F8-A38D-FAC95BDE8AC9}.Debug|Any CPU.ActiveCfg = Debug|Any CPU
		{49EAC8F2-745B-46F8-A38D-FAC95BDE8AC9}.Debug|Any CPU.Build.0 = Debug|Any CPU
		{49EAC8F2-745B-46F8-A38D-FAC95BDE8AC9}.Release|Any CPU.ActiveCfg = Release|Any CPU
		{49EAC8F2-745B-46F8-A38D-FAC95BDE8AC9}.Release|Any CPU.Build.0 = Release|Any CPU
		{8FE9240B-D74F-4166-A671-B36CA7718634}.Debug|Any CPU.ActiveCfg = Debug|Any CPU
		{8FE9240B-D74F-4166-A671-B36CA7718634}.Debug|Any CPU.Build.0 = Debug|Any CPU
		{8FE9240B-D74F-4166-A671-B36CA7718634}.Release|Any CPU.ActiveCfg = Release|Any CPU
		{8FE9240B-D74F-4166-A671-B36CA7718634}.Release|Any CPU.Build.0 = Release|Any CPU
	EndGlobalSection
	GlobalSection(SolutionProperties) = preSolution
		HideSolutionNode = FALSE
	EndGlobalSection
	GlobalSection(NestedProjects) = preSolution
		{455FE469-C2E9-4D7C-A6E2-4C8BAA9606DF} = {C6C6B6E0-D79F-48D1-BFE8-03B7838C2711}
		{49EAC8F2-745B-46F8-A38D-FAC95BDE8AC9} = {455FE469-C2E9-4D7C-A6E2-4C8BAA9606DF}
	EndGlobalSection
	GlobalSection(ExtensibilityGlobals) = postSolution
		SolutionGuid = {6D6A5A70-EA8C-45BC-A7EF-CBF9A1492015}
	EndGlobalSection
EndGlobal
