
Microsoft Visual Studio Solution File, Format Version 12.00
# Visual Studio Version 17
VisualStudioVersion = 17.8.34330.188
MinimumVisualStudioVersion = 10.0.40219.1
Project("{2150E333-8FDC-42A3-9474-1A3956D46DE8}") = "Services", "Services", "{C6C6B6E0-D79F-48D1-BFE8-03B7838C2711}"
EndProject
Project("{2150E333-8FDC-42A3-9474-1A3956D46DE8}") = "Catalog", "Catalog", "{455FE469-C2E9-4D7C-A6E2-4C8BAA9606DF}"
EndProject
Project("{9A19103F-16F7-4668-BE54-9A1E7A4F7556}") = "Catalog.API", "Services\Catalog\Catalog.API\Catalog.API.csproj", "{49EAC8F2-745B-46F8-A38D-FAC95BDE8AC9}"
EndProject
Project("{E53339B2-1760-4266-BCC7-CA923CBCF16C}") = "docker-compose", "docker-compose.dcproj", "{8FE9240B-D74F-4166-A671-B36CA7718634}"
EndProject
Project("{2150E333-8FDC-42A3-9474-1A3956D46DE8}") = "Basket", "Basket", "{FB5641BB-3F91-45F7-94D5-22010678BFBF}"
EndProject
Project("{9A19103F-16F7-4668-BE54-9A1E7A4F7556}") = "Basket.API", "Services\Basket\Basket.API\Basket.API.csproj", "{4F669C11-A3EF-438B-892D-F77987B8D55E}"
EndProject
Project("{2150E333-8FDC-42A3-9474-1A3956D46DE8}") = "Discount", "Discount", "{3A2170AC-6EF2-44D9-959C-9FE1FC5654CB}"
EndProject
Project("{9A19103F-16F7-4668-BE54-9A1E7A4F7556}") = "Discount.API", "Services\Discount\Discount.API\Discount.API.csproj", "{23C53302-BB3F-4E9D-869D-991F1287690B}"
EndProject
Project("{9A19103F-16F7-4668-BE54-9A1E7A4F7556}") = "Discount.Grpc", "Services\Discount\Discount.Grpc\Discount.Grpc.csproj", "{EF09BD98-2535-4F3C-B0BD-5294CD7FA5EC}"
EndProject
Project("{2150E333-8FDC-42A3-9474-1A3956D46DE8}") = "Ordering", "Ordering", "{C8072239-8898-4572-8C54-8108FAF20903}"
EndProject
Project("{9A19103F-16F7-4668-BE54-9A1E7A4F7556}") = "Ordering.API", "Services\Ordering\Ordering.API\Ordering.API.csproj", "{F5119087-782E-45FB-A6A0-4DD26F8B3321}"
EndProject
Project("{9A19103F-16F7-4668-BE54-9A1E7A4F7556}") = "Ordering.Domain", "Services\Ordering\Ordering.Domain\Ordering.Domain.csproj", "{830C6B7B-9E80-46A0-8447-A7058581B2B4}"
EndProject
Project("{9A19103F-16F7-4668-BE54-9A1E7A4F7556}") = "Ordering.Application", "Services\Ordering\Ordering.Application\Ordering.Application.csproj", "{C76D0360-3143-456D-8C67-45C35F09AFB9}"
EndProject
Project("{9A19103F-16F7-4668-BE54-9A1E7A4F7556}") = "Ordering.Infrastructure", "Services\Ordering\Ordering.Infrastructure\Ordering.Infrastructure.csproj", "{F00FF98B-9924-4EB6-9877-7D8B9C900378}"
EndProject
Project("{2150E333-8FDC-42A3-9474-1A3956D46DE8}") = "BuildingBlocks", "BuildingBlocks", "{225500F5-7984-4B96-86A1-25F74B08EA1C}"
EndProject
Project("{9A19103F-16F7-4668-BE54-9A1E7A4F7556}") = "EventBus.Messages", "BuildingBlocks\EventBus.Messages\EventBus.Messages.csproj", "{0E45ADB7-214C-4335-BBCF-39AD2D50C71E}"
EndProject
Project("{2150E333-8FDC-42A3-9474-1A3956D46DE8}") = "ApiGateways", "ApiGateways", "{5D039FEE-E0C3-4CD5-A111-BC562B3890CB}"
EndProject
Project("{9A19103F-16F7-4668-BE54-9A1E7A4F7556}") = "OcelotApiGw", "ApiGateways\OcelotApiGw\OcelotApiGw.csproj", "{35C618AF-8E07-4592-A1E1-217B4D0F2D41}"
EndProject
Global
	GlobalSection(SolutionConfigurationPlatforms) = preSolution
		Debug|Any CPU = Debug|Any CPU
		Release|Any CPU = Release|Any CPU
	EndGlobalSection
	GlobalSection(ProjectConfigurationPlatforms) = postSolution
		{49EAC8F2-745B-46F8-A38D-FAC95BDE8AC9}.Debug|Any CPU.ActiveCfg = Debug|Any CPU
		{49EAC8F2-745B-46F8-A38D-FAC95BDE8AC9}.Debug|Any CPU.Build.0 = Debug|Any CPU
		{49EAC8F2-745B-46F8-A38D-FAC95BDE8AC9}.Release|Any CPU.ActiveCfg = Release|Any CPU
		{49EAC8F2-745B-46F8-A38D-FAC95BDE8AC9}.Release|Any CPU.Build.0 = Release|Any CPU
		{8FE9240B-D74F-4166-A671-B36CA7718634}.Debug|Any CPU.ActiveCfg = Debug|Any CPU
		{8FE9240B-D74F-4166-A671-B36CA7718634}.Debug|Any CPU.Build.0 = Debug|Any CPU
		{8FE9240B-D74F-4166-A671-B36CA7718634}.Release|Any CPU.ActiveCfg = Release|Any CPU
		{8FE9240B-D74F-4166-A671-B36CA7718634}.Release|Any CPU.Build.0 = Release|Any CPU
		{4F669C11-A3EF-438B-892D-F77987B8D55E}.Debug|Any CPU.ActiveCfg = Debug|Any CPU
		{4F669C11-A3EF-438B-892D-F77987B8D55E}.Debug|Any CPU.Build.0 = Debug|Any CPU
		{4F669C11-A3EF-438B-892D-F77987B8D55E}.Release|Any CPU.ActiveCfg = Release|Any CPU
		{4F669C11-A3EF-438B-892D-F77987B8D55E}.Release|Any CPU.Build.0 = Release|Any CPU
		{23C53302-BB3F-4E9D-869D-991F1287690B}.Debug|Any CPU.ActiveCfg = Debug|Any CPU
		{23C53302-BB3F-4E9D-869D-991F1287690B}.Debug|Any CPU.Build.0 = Debug|Any CPU
		{23C53302-BB3F-4E9D-869D-991F1287690B}.Release|Any CPU.ActiveCfg = Release|Any CPU
		{23C53302-BB3F-4E9D-869D-991F1287690B}.Release|Any CPU.Build.0 = Release|Any CPU
		{EF09BD98-2535-4F3C-B0BD-5294CD7FA5EC}.Debug|Any CPU.ActiveCfg = Debug|Any CPU
		{EF09BD98-2535-4F3C-B0BD-5294CD7FA5EC}.Debug|Any CPU.Build.0 = Debug|Any CPU
		{EF09BD98-2535-4F3C-B0BD-5294CD7FA5EC}.Release|Any CPU.ActiveCfg = Release|Any CPU
		{EF09BD98-2535-4F3C-B0BD-5294CD7FA5EC}.Release|Any CPU.Build.0 = Release|Any CPU
		{F5119087-782E-45FB-A6A0-4DD26F8B3321}.Debug|Any CPU.ActiveCfg = Debug|Any CPU
		{F5119087-782E-45FB-A6A0-4DD26F8B3321}.Debug|Any CPU.Build.0 = Debug|Any CPU
		{F5119087-782E-45FB-A6A0-4DD26F8B3321}.Release|Any CPU.ActiveCfg = Release|Any CPU
		{F5119087-782E-45FB-A6A0-4DD26F8B3321}.Release|Any CPU.Build.0 = Release|Any CPU
		{830C6B7B-9E80-46A0-8447-A7058581B2B4}.Debug|Any CPU.ActiveCfg = Debug|Any CPU
		{830C6B7B-9E80-46A0-8447-A7058581B2B4}.Debug|Any CPU.Build.0 = Debug|Any CPU
		{830C6B7B-9E80-46A0-8447-A7058581B2B4}.Release|Any CPU.ActiveCfg = Release|Any CPU
		{830C6B7B-9E80-46A0-8447-A7058581B2B4}.Release|Any CPU.Build.0 = Release|Any CPU
		{C76D0360-3143-456D-8C67-45C35F09AFB9}.Debug|Any CPU.ActiveCfg = Debug|Any CPU
		{C76D0360-3143-456D-8C67-45C35F09AFB9}.Debug|Any CPU.Build.0 = Debug|Any CPU
		{C76D0360-3143-456D-8C67-45C35F09AFB9}.Release|Any CPU.ActiveCfg = Release|Any CPU
		{C76D0360-3143-456D-8C67-45C35F09AFB9}.Release|Any CPU.Build.0 = Release|Any CPU
		{F00FF98B-9924-4EB6-9877-7D8B9C900378}.Debug|Any CPU.ActiveCfg = Debug|Any CPU
		{F00FF98B-9924-4EB6-9877-7D8B9C900378}.Debug|Any CPU.Build.0 = Debug|Any CPU
		{F00FF98B-9924-4EB6-9877-7D8B9C900378}.Release|Any CPU.ActiveCfg = Release|Any CPU
		{F00FF98B-9924-4EB6-9877-7D8B9C900378}.Release|Any CPU.Build.0 = Release|Any CPU
		{0E45ADB7-214C-4335-BBCF-39AD2D50C71E}.Debug|Any CPU.ActiveCfg = Debug|Any CPU
		{0E45ADB7-214C-4335-BBCF-39AD2D50C71E}.Debug|Any CPU.Build.0 = Debug|Any CPU
		{0E45ADB7-214C-4335-BBCF-39AD2D50C71E}.Release|Any CPU.ActiveCfg = Release|Any CPU
		{0E45ADB7-214C-4335-BBCF-39AD2D50C71E}.Release|Any CPU.Build.0 = Release|Any CPU
		{35C618AF-8E07-4592-A1E1-217B4D0F2D41}.Debug|Any CPU.ActiveCfg = Debug|Any CPU
		{35C618AF-8E07-4592-A1E1-217B4D0F2D41}.Debug|Any CPU.Build.0 = Debug|Any CPU
		{35C618AF-8E07-4592-A1E1-217B4D0F2D41}.Release|Any CPU.ActiveCfg = Release|Any CPU
		{35C618AF-8E07-4592-A1E1-217B4D0F2D41}.Release|Any CPU.Build.0 = Release|Any CPU
	EndGlobalSection
	GlobalSection(SolutionProperties) = preSolution
		HideSolutionNode = FALSE
	EndGlobalSection
	GlobalSection(NestedProjects) = preSolution
		{455FE469-C2E9-4D7C-A6E2-4C8BAA9606DF} = {C6C6B6E0-D79F-48D1-BFE8-03B7838C2711}
		{49EAC8F2-745B-46F8-A38D-FAC95BDE8AC9} = {455FE469-C2E9-4D7C-A6E2-4C8BAA9606DF}
		{FB5641BB-3F91-45F7-94D5-22010678BFBF} = {C6C6B6E0-D79F-48D1-BFE8-03B7838C2711}
		{4F669C11-A3EF-438B-892D-F77987B8D55E} = {FB5641BB-3F91-45F7-94D5-22010678BFBF}
		{3A2170AC-6EF2-44D9-959C-9FE1FC5654CB} = {C6C6B6E0-D79F-48D1-BFE8-03B7838C2711}
		{23C53302-BB3F-4E9D-869D-991F1287690B} = {3A2170AC-6EF2-44D9-959C-9FE1FC5654CB}
		{EF09BD98-2535-4F3C-B0BD-5294CD7FA5EC} = {3A2170AC-6EF2-44D9-959C-9FE1FC5654CB}
		{C8072239-8898-4572-8C54-8108FAF20903} = {C6C6B6E0-D79F-48D1-BFE8-03B7838C2711}
		{F5119087-782E-45FB-A6A0-4DD26F8B3321} = {C8072239-8898-4572-8C54-8108FAF20903}
		{830C6B7B-9E80-46A0-8447-A7058581B2B4} = {C8072239-8898-4572-8C54-8108FAF20903}
		{C76D0360-3143-456D-8C67-45C35F09AFB9} = {C8072239-8898-4572-8C54-8108FAF20903}
		{F00FF98B-9924-4EB6-9877-7D8B9C900378} = {C8072239-8898-4572-8C54-8108FAF20903}
		{0E45ADB7-214C-4335-BBCF-39AD2D50C71E} = {225500F5-7984-4B96-86A1-25F74B08EA1C}
		{35C618AF-8E07-4592-A1E1-217B4D0F2D41} = {5D039FEE-E0C3-4CD5-A111-BC562B3890CB}
	EndGlobalSection
	GlobalSection(ExtensibilityGlobals) = postSolution
		SolutionGuid = {6D6A5A70-EA8C-45BC-A7EF-CBF9A1492015}
	EndGlobalSection
EndGlobal
